// !$*UTF8*$!
{
	archiveVersion = 1;
	classes = {
	};
	objectVersion = 50;
	objects = {

/* Begin PBXBuildFile section */
		FE2BEE822404F77C00EB5FC7 /* okspin.mp3 in Resources */ = {isa = PBXBuildFile; fileRef = FE2BEE812404F77C00EB5FC7 /* okspin.mp3 */; };
		FE5441BB23FE7138008312C5 /* OptionsTableViewController.swift in Sources */ = {isa = PBXBuildFile; fileRef = FE5441BA23FE7138008312C5 /* OptionsTableViewController.swift */; };
		FECAD52E23FD0FED00C66EEE /* AppDelegate.swift in Sources */ = {isa = PBXBuildFile; fileRef = FECAD52D23FD0FED00C66EEE /* AppDelegate.swift */; };
		FECAD53023FD0FED00C66EEE /* SceneDelegate.swift in Sources */ = {isa = PBXBuildFile; fileRef = FECAD52F23FD0FED00C66EEE /* SceneDelegate.swift */; };
		FECAD53223FD0FED00C66EEE /* ViewController.swift in Sources */ = {isa = PBXBuildFile; fileRef = FECAD53123FD0FED00C66EEE /* ViewController.swift */; };
		FECAD53523FD0FED00C66EEE /* Main.storyboard in Resources */ = {isa = PBXBuildFile; fileRef = FECAD53323FD0FED00C66EEE /* Main.storyboard */; };
		FECAD53723FD0FEE00C66EEE /* Assets.xcassets in Resources */ = {isa = PBXBuildFile; fileRef = FECAD53623FD0FEE00C66EEE /* Assets.xcassets */; };
		FECAD53A23FD0FEE00C66EEE /* LaunchScreen.storyboard in Resources */ = {isa = PBXBuildFile; fileRef = FECAD53823FD0FEE00C66EEE /* LaunchScreen.storyboard */; };
		FECAD54223FD11F300C66EEE /* TheWheel.swift in Sources */ = {isa = PBXBuildFile; fileRef = FECAD54123FD11F300C66EEE /* TheWheel.swift */; };
/* End PBXBuildFile section */

/* Begin PBXFileReference section */
		FE2BEE812404F77C00EB5FC7 /* okspin.mp3 */ = {isa = PBXFileReference; lastKnownFileType = audio.mp3; path = okspin.mp3; sourceTree = "<group>"; };
		FE5441BA23FE7138008312C5 /* OptionsTableViewController.swift */ = {isa = PBXFileReference; lastKnownFileType = sourcecode.swift; path = OptionsTableViewController.swift; sourceTree = "<group>"; };
		FECAD52A23FD0FED00C66EEE /* SpinTheLuckyWheel.app */ = {isa = PBXFileReference; explicitFileType = wrapper.application; includeInIndex = 0; path = SpinTheLuckyWheel.app; sourceTree = BUILT_PRODUCTS_DIR; };
		FECAD52D23FD0FED00C66EEE /* AppDelegate.swift */ = {isa = PBXFileReference; lastKnownFileType = sourcecode.swift; path = AppDelegate.swift; sourceTree = "<group>"; };
		FECAD52F23FD0FED00C66EEE /* SceneDelegate.swift */ = {isa = PBXFileReference; lastKnownFileType = sourcecode.swift; path = SceneDelegate.swift; sourceTree = "<group>"; };
		FECAD53123FD0FED00C66EEE /* ViewController.swift */ = {isa = PBXFileReference; lastKnownFileType = sourcecode.swift; path = ViewController.swift; sourceTree = "<group>"; };
		FECAD53423FD0FED00C66EEE /* Base */ = {isa = PBXFileReference; lastKnownFileType = file.storyboard; name = Base; path = Base.lproj/Main.storyboard; sourceTree = "<group>"; };
		FECAD53623FD0FEE00C66EEE /* Assets.xcassets */ = {isa = PBXFileReference; lastKnownFileType = folder.assetcatalog; path = Assets.xcassets; sourceTree = "<group>"; };
		FECAD53923FD0FEE00C66EEE /* Base */ = {isa = PBXFileReference; lastKnownFileType = file.storyboard; name = Base; path = Base.lproj/LaunchScreen.storyboard; sourceTree = "<group>"; };
		FECAD53B23FD0FEE00C66EEE /* Info.plist */ = {isa = PBXFileReference; lastKnownFileType = text.plist.xml; path = Info.plist; sourceTree = "<group>"; };
		FECAD54123FD11F300C66EEE /* TheWheel.swift */ = {isa = PBXFileReference; lastKnownFileType = sourcecode.swift; path = TheWheel.swift; sourceTree = "<group>"; };
/* End PBXFileReference section */

/* Begin PBXFrameworksBuildPhase section */
		FECAD52723FD0FED00C66EEE /* Frameworks */ = {
			isa = PBXFrameworksBuildPhase;
			buildActionMask = 2147483647;
			files = (
			);
			runOnlyForDeploymentPostprocessing = 0;
		};
/* End PBXFrameworksBuildPhase section */

/* Begin PBXGroup section */
		FECAD52123FD0FED00C66EEE = {
			isa = PBXGroup;
			children = (
				FECAD52C23FD0FED00C66EEE /* SpinTheLuckyWheel */,
				FECAD52B23FD0FED00C66EEE /* Products */,
			);
			sourceTree = "<group>";
		};
		FECAD52B23FD0FED00C66EEE /* Products */ = {
			isa = PBXGroup;
			children = (
				FECAD52A23FD0FED00C66EEE /* SpinTheLuckyWheel.app */,
			);
			name = Products;
			sourceTree = "<group>";
		};
		FECAD52C23FD0FED00C66EEE /* SpinTheLuckyWheel */ = {
			isa = PBXGroup;
			children = (
				FECAD52D23FD0FED00C66EEE /* AppDelegate.swift */,
				FECAD52F23FD0FED00C66EEE /* SceneDelegate.swift */,
				FECAD53123FD0FED00C66EEE /* ViewController.swift */,
				FECAD53323FD0FED00C66EEE /* Main.storyboard */,
				FECAD53623FD0FEE00C66EEE /* Assets.xcassets */,
				FECAD53823FD0FEE00C66EEE /* LaunchScreen.storyboard */,
				FECAD53B23FD0FEE00C66EEE /* Info.plist */,
				FECAD54123FD11F300C66EEE /* TheWheel.swift */,
				FE5441BA23FE7138008312C5 /* OptionsTableViewController.swift */,
				FE2BEE812404F77C00EB5FC7 /* okspin.mp3 */,
			);
			path = SpinTheLuckyWheel;
			sourceTree = "<group>";
		};
/* End PBXGroup section */

/* Begin PBXNativeTarget section */
		FECAD52923FD0FED00C66EEE /* SpinTheLuckyWheel */ = {
			isa = PBXNativeTarget;
			buildConfigurationList = FECAD53E23FD0FEE00C66EEE /* Build configuration list for PBXNativeTarget "SpinTheLuckyWheel" */;
			buildPhases = (
				FECAD52623FD0FED00C66EEE /* Sources */,
				FECAD52723FD0FED00C66EEE /* Frameworks */,
				FECAD52823FD0FED00C66EEE /* Resources */,
			);
			buildRules = (
			);
			dependencies = (
			);
			name = SpinTheLuckyWheel;
			productName = SpinTheLuckyWheel;
			productReference = FECAD52A23FD0FED00C66EEE /* SpinTheLuckyWheel.app */;
			productType = "com.apple.product-type.application";
		};
/* End PBXNativeTarget section */

/* Begin PBXProject section */
		FECAD52223FD0FED00C66EEE /* Project object */ = {
			isa = PBXProject;
			attributes = {
				LastSwiftUpdateCheck = 1130;
				LastUpgradeCheck = 1130;
				ORGANIZATIONNAME = thegrey;
				TargetAttributes = {
					FECAD52923FD0FED00C66EEE = {
						CreatedOnToolsVersion = 11.3;
					};
				};
			};
			buildConfigurationList = FECAD52523FD0FED00C66EEE /* Build configuration list for PBXProject "SpinTheLuckyWheel" */;
			compatibilityVersion = "Xcode 9.3";
			developmentRegion = en;
			hasScannedForEncodings = 0;
			knownRegions = (
				en,
				Base,
			);
			mainGroup = FECAD52123FD0FED00C66EEE;
			productRefGroup = FECAD52B23FD0FED00C66EEE /* Products */;
			projectDirPath = "";
			projectRoot = "";
			targets = (
				FECAD52923FD0FED00C66EEE /* SpinTheLuckyWheel */,
			);
		};
/* End PBXProject section */

/* Begin PBXResourcesBuildPhase section */
		FECAD52823FD0FED00C66EEE /* Resources */ = {
			isa = PBXResourcesBuildPhase;
			buildActionMask = 2147483647;
			files = (
				FE2BEE822404F77C00EB5FC7 /* okspin.mp3 in Resources */,
				FECAD53A23FD0FEE00C66EEE /* LaunchScreen.storyboard in Resources */,
				FECAD53723FD0FEE00C66EEE /* Assets.xcassets in Resources */,
				FECAD53523FD0FED00C66EEE /* Main.storyboard in Resources */,
			);
			runOnlyForDeploymentPostprocessing = 0;
		};
/* End PBXResourcesBuildPhase section */

/* Begin PBXSourcesBuildPhase section */
		FECAD52623FD0FED00C66EEE /* Sources */ = {
			isa = PBXSourcesBuildPhase;
			buildActionMask = 2147483647;
			files = (
				FECAD53223FD0FED00C66EEE /* ViewController.swift in Sources */,
				FECAD54223FD11F300C66EEE /* TheWheel.swift in Sources */,
				FE5441BB23FE7138008312C5 /* OptionsTableViewController.swift in Sources */,
				FECAD52E23FD0FED00C66EEE /* AppDelegate.swift in Sources */,
				FECAD53023FD0FED00C66EEE /* SceneDelegate.swift in Sources */,
			);
			runOnlyForDeploymentPostprocessing = 0;
		};
/* End PBXSourcesBuildPhase section */

/* Begin PBXVariantGroup section */
		FECAD53323FD0FED00C66EEE /* Main.storyboard */ = {
			isa = PBXVariantGroup;
			children = (
				FECAD53423FD0FED00C66EEE /* Base */,
			);
			name = Main.storyboard;
			sourceTree = "<group>";
		};
		FECAD53823FD0FEE00C66EEE /* LaunchScreen.storyboard */ = {
			isa = PBXVariantGroup;
			children = (
				FECAD53923FD0FEE00C66EEE /* Base */,
			);
			name = LaunchScreen.storyboard;
			sourceTree = "<group>";
		};
/* End PBXVariantGroup section */

/* Begin XCBuildConfiguration section */
		FECAD53C23FD0FEE00C66EEE /* Debug */ = {
			isa = XCBuildConfiguration;
			buildSettings = {
				ALWAYS_SEARCH_USER_PATHS = NO;
				CLANG_ANALYZER_NONNULL = YES;
				CLANG_ANALYZER_NUMBER_OBJECT_CONVERSION = YES_AGGRESSIVE;
				CLANG_CXX_LANGUAGE_STANDARD = "gnu++14";
				CLANG_CXX_LIBRARY = "libc++";
				CLANG_ENABLE_MODULES = YES;
				CLANG_ENABLE_OBJC_ARC = YES;
				CLANG_ENABLE_OBJC_WEAK = YES;
				CLANG_WARN_BLOCK_CAPTURE_AUTORELEASING = YES;
				CLANG_WARN_BOOL_CONVERSION = YES;
				CLANG_WARN_COMMA = YES;
				CLANG_WARN_CONSTANT_CONVERSION = YES;
				CLANG_WARN_DEPRECATED_OBJC_IMPLEMENTATIONS = YES;
				CLANG_WARN_DIRECT_OBJC_ISA_USAGE = YES_ERROR;
				CLANG_WARN_DOCUMENTATION_COMMENTS = YES;
				CLANG_WARN_EMPTY_BODY = YES;
				CLANG_WARN_ENUM_CONVERSION = YES;
				CLANG_WARN_INFINITE_RECURSION = YES;
				CLANG_WARN_INT_CONVERSION = YES;
				CLANG_WARN_NON_LITERAL_NULL_CONVERSION = YES;
				CLANG_WARN_OBJC_IMPLICIT_RETAIN_SELF = YES;
				CLANG_WARN_OBJC_LITERAL_CONVERSION = YES;
				CLANG_WARN_OBJC_ROOT_CLASS = YES_ERROR;
				CLANG_WARN_RANGE_LOOP_ANALYSIS = YES;
				CLANG_WARN_STRICT_PROTOTYPES = YES;
				CLANG_WARN_SUSPICIOUS_MOVE = YES;
				CLANG_WARN_UNGUARDED_AVAILABILITY = YES_AGGRESSIVE;
				CLANG_WARN_UNREACHABLE_CODE = YES;
				CLANG_WARN__DUPLICATE_METHOD_MATCH = YES;
				COPY_PHASE_STRIP = NO;
				DEBUG_INFORMATION_FORMAT = dwarf;
				ENABLE_STRICT_OBJC_MSGSEND = YES;
				ENABLE_TESTABILITY = YES;
				GCC_C_LANGUAGE_STANDARD = gnu11;
				GCC_DYNAMIC_NO_PIC = NO;
				GCC_NO_COMMON_BLOCKS = YES;
				GCC_OPTIMIZATION_LEVEL = 0;
				GCC_PREPROCESSOR_DEFINITIONS = (
					"DEBUG=1",
					"$(inherited)",
				);
				GCC_WARN_64_TO_32_BIT_CONVERSION = YES;
				GCC_WARN_ABOUT_RETURN_TYPE = YES_ERROR;
				GCC_WARN_UNDECLARED_SELECTOR = YES;
				GCC_WARN_UNINITIALIZED_AUTOS = YES_AGGRESSIVE;
				GCC_WARN_UNUSED_FUNCTION = YES;
				GCC_WARN_UNUSED_VARIABLE = YES;
				IPHONEOS_DEPLOYMENT_TARGET = 12.3;
				MTL_ENABLE_DEBUG_INFO = INCLUDE_SOURCE;
				MTL_FAST_MATH = YES;
				ONLY_ACTIVE_ARCH = YES;
				SDKROOT = iphoneos;
				SWIFT_ACTIVE_COMPILATION_CONDITIONS = DEBUG;
				SWIFT_OPTIMIZATION_LEVEL = "-Onone";
			};
			name = Debug;
		};
		FECAD53D23FD0FEE00C66EEE /* Release */ = {
			isa = XCBuildConfiguration;
			buildSettings = {
				ALWAYS_SEARCH_USER_PATHS = NO;
				CLANG_ANALYZER_NONNULL = YES;
				CLANG_ANALYZER_NUMBER_OBJECT_CONVERSION = YES_AGGRESSIVE;
				CLANG_CXX_LANGUAGE_STANDARD = "gnu++14";
				CLANG_CXX_LIBRARY = "libc++";
				CLANG_ENABLE_MODULES = YES;
				CLANG_ENABLE_OBJC_ARC = YES;
				CLANG_ENABLE_OBJC_WEAK = YES;
				CLANG_WARN_BLOCK_CAPTURE_AUTORELEASING = YES;
				CLANG_WARN_BOOL_CONVERSION = YES;
				CLANG_WARN_COMMA = YES;
				CLANG_WARN_CONSTANT_CONVERSION = YES;
				CLANG_WARN_DEPRECATED_OBJC_IMPLEMENTATIONS = YES;
				CLANG_WARN_DIRECT_OBJC_ISA_USAGE = YES_ERROR;
				CLANG_WARN_DOCUMENTATION_COMMENTS = YES;
				CLANG_WARN_EMPTY_BODY = YES;
				CLANG_WARN_ENUM_CONVERSION = YES;
				CLANG_WARN_INFINITE_RECURSION = YES;
				CLANG_WARN_INT_CONVERSION = YES;
				CLANG_WARN_NON_LITERAL_NULL_CONVERSION = YES;
				CLANG_WARN_OBJC_IMPLICIT_RETAIN_SELF = YES;
				CLANG_WARN_OBJC_LITERAL_CONVERSION = YES;
				CLANG_WARN_OBJC_ROOT_CLASS = YES_ERROR;
				CLANG_WARN_RANGE_LOOP_ANALYSIS = YES;
				CLANG_WARN_STRICT_PROTOTYPES = YES;
				CLANG_WARN_SUSPICIOUS_MOVE = YES;
				CLANG_WARN_UNGUARDED_AVAILABILITY = YES_AGGRESSIVE;
				CLANG_WARN_UNREACHABLE_CODE = YES;
				CLANG_WARN__DUPLICATE_METHOD_MATCH = YES;
				COPY_PHASE_STRIP = NO;
				DEBUG_INFORMATION_FORMAT = "dwarf-with-dsym";
				ENABLE_NS_ASSERTIONS = NO;
				ENABLE_STRICT_OBJC_MSGSEND = YES;
				GCC_C_LANGUAGE_STANDARD = gnu11;
				GCC_NO_COMMON_BLOCKS = YES;
				GCC_WARN_64_TO_32_BIT_CONVERSION = YES;
				GCC_WARN_ABOUT_RETURN_TYPE = YES_ERROR;
				GCC_WARN_UNDECLARED_SELECTOR = YES;
				GCC_WARN_UNINITIALIZED_AUTOS = YES_AGGRESSIVE;
				GCC_WARN_UNUSED_FUNCTION = YES;
				GCC_WARN_UNUSED_VARIABLE = YES;
				IPHONEOS_DEPLOYMENT_TARGET = 12.3;
				MTL_ENABLE_DEBUG_INFO = NO;
				MTL_FAST_MATH = YES;
				SDKROOT = iphoneos;
				SWIFT_COMPILATION_MODE = wholemodule;
				SWIFT_OPTIMIZATION_LEVEL = "-O";
				VALIDATE_PRODUCT = YES;
			};
			name = Release;
		};
		FECAD53F23FD0FEE00C66EEE /* Debug */ = {
			isa = XCBuildConfiguration;
			buildSettings = {
				ASSETCATALOG_COMPILER_APPICON_NAME = AppIcon;
				CODE_SIGN_STYLE = Automatic;
				DEVELOPMENT_TEAM = 928C5AVPJ3;
				INFOPLIST_FILE = SpinTheLuckyWheel/Info.plist;
				IPHONEOS_DEPLOYMENT_TARGET = 12.3;
				LD_RUNPATH_SEARCH_PATHS = (
					"$(inherited)",
					"@executable_path/Frameworks",
				);
				PRODUCT_BUNDLE_IDENTIFIER = com.thegrey.SpinTheLuckyWheel;
				PRODUCT_NAME = "$(TARGET_NAME)";
				SWIFT_VERSION = 5.0;
				TARGETED_DEVICE_FAMILY = "1,2";
			};
			name = Debug;
		};
		FECAD54023FD0FEE00C66EEE /* Release */ = {
			isa = XCBuildConfiguration;
			buildSettings = {
				ASSETCATALOG_COMPILER_APPICON_NAME = AppIcon;
				CODE_SIGN_STYLE = Automatic;
				DEVELOPMENT_TEAM = 928C5AVPJ3;
				INFOPLIST_FILE = SpinTheLuckyWheel/Info.plist;
				IPHONEOS_DEPLOYMENT_TARGET = 12.3;
				LD_RUNPATH_SEARCH_PATHS = (
					"$(inherited)",
					"@executable_path/Frameworks",
				);
				PRODUCT_BUNDLE_IDENTIFIER = com.thegrey.SpinTheLuckyWheel;
				PRODUCT_NAME = "$(TARGET_NAME)";
				SWIFT_VERSION = 5.0;
				TARGETED_DEVICE_FAMILY = "1,2";
			};
			name = Release;
		};
/* End XCBuildConfiguration section */

/* Begin XCConfigurationList section */
		FECAD52523FD0FED00C66EEE /* Build configuration list for PBXProject "SpinTheLuckyWheel" */ = {
			isa = XCConfigurationList;
			buildConfigurations = (
				FECAD53C23FD0FEE00C66EEE /* Debug */,
				FECAD53D23FD0FEE00C66EEE /* Release */,
			);
			defaultConfigurationIsVisible = 0;
			defaultConfigurationName = Release;
		};
		FECAD53E23FD0FEE00C66EEE /* Build configuration list for PBXNativeTarget "SpinTheLuckyWheel" */ = {
			isa = XCConfigurationList;
			buildConfigurations = (
				FECAD53F23FD0FEE00C66EEE /* Debug */,
				FECAD54023FD0FEE00C66EEE /* Release */,
			);
			defaultConfigurationIsVisible = 0;
			defaultConfigurationName = Release;
		};
/* End XCConfigurationList section */
	};
	rootObject = FECAD52223FD0FED00C66EEE /* Project object */;
}
